
Microsoft Visual Studio Solution File, Format Version 12.00
# Visual Studio Version 17
VisualStudioVersion = 17.12.35707.178 d17.12
MinimumVisualStudioVersion = 10.0.40219.1
Project("{FAE04EC0-301F-11D3-BF4B-00C04F79EFBC}") = "EvaluaciónBabel", "EvaluaciónBabel\EvaluaciónBabel.csproj", "{0845940E-6B7A-4C72-BBD1-513B21DCBB59}"
EndProject
Project("{2150E333-8FDC-42A3-9474-1A3956D46DE8}") = "src", "src", "{08679EB0-162F-4A2F-B06C-9857BEC5A126}"
EndProject
Project("{2150E333-8FDC-42A3-9474-1A3956D46DE8}") = "core", "core", "{AF0628F0-CC85-4A4F-A1F6-6400CEAB7E91}"
EndProject
Project("{2150E333-8FDC-42A3-9474-1A3956D46DE8}") = "Infraestructure", "Infraestructure", "{C983E3DF-34F8-4032-80F0-1A0E7553C815}"
EndProject
Project("{2150E333-8FDC-42A3-9474-1A3956D46DE8}") = "Presentation", "Presentation", "{84A0C32E-B751-476D-8170-C5BCC6285B3B}"
EndProject
Project("{FAE04EC0-301F-11D3-BF4B-00C04F79EFBC}") = "Core.Application", "Core.Application\Core.Application.csproj", "{C0674B1B-5C95-4098-8C7C-355E8E3ECBC1}"
EndProject
Project("{FAE04EC0-301F-11D3-BF4B-00C04F79EFBC}") = "Core.Domain", "Core.Domain\Core.Domain.csproj", "{02F7EFA0-DCD5-4082-96E2-B9236B1BE1E0}"
EndProject
Project("{FAE04EC0-301F-11D3-BF4B-00C04F79EFBC}") = "Infrastructure.Persistance", "Infrastructure.Persistance\Infrastructure.Persistance.csproj", "{2FC52845-E101-45AC-B853-DF4B58642DD0}"
EndProject
Global
	GlobalSection(SolutionConfigurationPlatforms) = preSolution
		Debug|Any CPU = Debug|Any CPU
		Release|Any CPU = Release|Any CPU
	EndGlobalSection
	GlobalSection(ProjectConfigurationPlatforms) = postSolution
		{0845940E-6B7A-4C72-BBD1-513B21DCBB59}.Debug|Any CPU.ActiveCfg = Debug|Any CPU
		{0845940E-6B7A-4C72-BBD1-513B21DCBB59}.Debug|Any CPU.Build.0 = Debug|Any CPU
		{0845940E-6B7A-4C72-BBD1-513B21DCBB59}.Release|Any CPU.ActiveCfg = Release|Any CPU
		{0845940E-6B7A-4C72-BBD1-513B21DCBB59}.Release|Any CPU.Build.0 = Release|Any CPU
		{C0674B1B-5C95-4098-8C7C-355E8E3ECBC1}.Debug|Any CPU.ActiveCfg = Debug|Any CPU
		{C0674B1B-5C95-4098-8C7C-355E8E3ECBC1}.Debug|Any CPU.Build.0 = Debug|Any CPU
		{C0674B1B-5C95-4098-8C7C-355E8E3ECBC1}.Release|Any CPU.ActiveCfg = Release|Any CPU
		{C0674B1B-5C95-4098-8C7C-355E8E3ECBC1}.Release|Any CPU.Build.0 = Release|Any CPU
		{02F7EFA0-DCD5-4082-96E2-B9236B1BE1E0}.Debug|Any CPU.ActiveCfg = Debug|Any CPU
		{02F7EFA0-DCD5-4082-96E2-B9236B1BE1E0}.Debug|Any CPU.Build.0 = Debug|Any CPU
		{02F7EFA0-DCD5-4082-96E2-B9236B1BE1E0}.Release|Any CPU.ActiveCfg = Release|Any CPU
		{02F7EFA0-DCD5-4082-96E2-B9236B1BE1E0}.Release|Any CPU.Build.0 = Release|Any CPU
		{2FC52845-E101-45AC-B853-DF4B58642DD0}.Debug|Any CPU.ActiveCfg = Debug|Any CPU
		{2FC52845-E101-45AC-B853-DF4B58642DD0}.Debug|Any CPU.Build.0 = Debug|Any CPU
		{2FC52845-E101-45AC-B853-DF4B58642DD0}.Release|Any CPU.ActiveCfg = Release|Any CPU
		{2FC52845-E101-45AC-B853-DF4B58642DD0}.Release|Any CPU.Build.0 = Release|Any CPU
	EndGlobalSection
	GlobalSection(SolutionProperties) = preSolution
		HideSolutionNode = FALSE
	EndGlobalSection
	GlobalSection(NestedProjects) = preSolution
		{0845940E-6B7A-4C72-BBD1-513B21DCBB59} = {84A0C32E-B751-476D-8170-C5BCC6285B3B}
		{AF0628F0-CC85-4A4F-A1F6-6400CEAB7E91} = {08679EB0-162F-4A2F-B06C-9857BEC5A126}
		{C983E3DF-34F8-4032-80F0-1A0E7553C815} = {08679EB0-162F-4A2F-B06C-9857BEC5A126}
		{84A0C32E-B751-476D-8170-C5BCC6285B3B} = {08679EB0-162F-4A2F-B06C-9857BEC5A126}
		{C0674B1B-5C95-4098-8C7C-355E8E3ECBC1} = {AF0628F0-CC85-4A4F-A1F6-6400CEAB7E91}
		{02F7EFA0-DCD5-4082-96E2-B9236B1BE1E0} = {AF0628F0-CC85-4A4F-A1F6-6400CEAB7E91}
		{2FC52845-E101-45AC-B853-DF4B58642DD0} = {C983E3DF-34F8-4032-80F0-1A0E7553C815}
	EndGlobalSection
EndGlobal
